
Microsoft Visual Studio Solution File, Format Version 12.00
# Visual Studio Version 17
VisualStudioVersion = 17.4.33122.133
MinimumVisualStudioVersion = 10.0.40219.1
Project("{FAE04EC0-301F-11D3-BF4B-00C04F79EFBC}") = "LATIENDATFI", "LATIENDATFI\LATIENDATFI.csproj", "{82601744-44F5-4151-A3FE-09B743E80737}"
EndProject
Global
	GlobalSection(SolutionConfigurationPlatforms) = preSolution
		Debug|Any CPU = Debug|Any CPU
		Release|Any CPU = Release|Any CPU
	EndGlobalSection
	GlobalSection(ProjectConfigurationPlatforms) = postSolution
		{82601744-44F5-4151-A3FE-09B743E80737}.Debug|Any CPU.ActiveCfg = Debug|Any CPU
		{82601744-44F5-4151-A3FE-09B743E80737}.Debug|Any CPU.Build.0 = Debug|Any CPU
		{82601744-44F5-4151-A3FE-09B743E80737}.Release|Any CPU.ActiveCfg = Release|Any CPU
		{82601744-44F5-4151-A3FE-09B743E80737}.Release|Any CPU.Build.0 = Release|Any CPU
	EndGlobalSection
	GlobalSection(SolutionProperties) = preSolution
		HideSolutionNode = FALSE
	EndGlobalSection
	GlobalSection(ExtensibilityGlobals) = postSolution
		SolutionGuid = {B5A396C4-70AC-4B4E-8DC8-C810067BCBD0}
	EndGlobalSection
EndGlobal
