
Microsoft Visual Studio Solution File, Format Version 12.00
# Visual Studio Version 17
VisualStudioVersion = 17.4.33122.133
MinimumVisualStudioVersion = 10.0.40219.1
Project("{9A19103F-16F7-4668-BE54-9A1E7A4F7556}") = "SistemaVenta.Entity", "SistemaVenta.Entity\SistemaVenta.Entity.csproj", "{6447F7D0-0C95-4C4C-B1CB-95E1EDEBAA86}"
EndProject
Project("{9A19103F-16F7-4668-BE54-9A1E7A4F7556}") = "SistemaVenta.DAL", "SistemaVenta.DAL\SistemaVenta.DAL.csproj", "{271E9A4F-9467-40B8-840F-134CE3572F1D}"
EndProject
Project("{9A19103F-16F7-4668-BE54-9A1E7A4F7556}") = "SistemaVenta.BLL", "SistemaVenta.BLL\SistemaVenta.BLL.csproj", "{77508558-3306-4C89-8ED5-A5AC2C0A833F}"
EndProject
Project("{9A19103F-16F7-4668-BE54-9A1E7A4F7556}") = "SistemaVenta.IOC", "SistemaVenta.IOC\SistemaVenta.IOC.csproj", "{D14E5D72-CEB3-4C8F-B308-1D880442DB89}"
EndProject
Project("{9A19103F-16F7-4668-BE54-9A1E7A4F7556}") = "SistemaVenta.AplicacionWeb", "SistemaVenta.AplicacionWeb\SistemaVenta.AplicacionWeb.csproj", "{557D57B5-88FA-472D-BCD9-28C0F6B7A773}"
EndProject
Project("{FAE04EC0-301F-11D3-BF4B-00C04F79EFBC}") = "SistemaVentaSpecflow.TEST", "SistemaVentaSpecflow.TEST\SistemaVentaSpecflow.TEST.csproj", "{97078F94-D403-4E60-9CA5-E9383B21FDF8}"
	ProjectSection(ProjectDependencies) = postProject
		{557D57B5-88FA-472D-BCD9-28C0F6B7A773} = {557D57B5-88FA-472D-BCD9-28C0F6B7A773}
		{6447F7D0-0C95-4C4C-B1CB-95E1EDEBAA86} = {6447F7D0-0C95-4C4C-B1CB-95E1EDEBAA86}
		{77508558-3306-4C89-8ED5-A5AC2C0A833F} = {77508558-3306-4C89-8ED5-A5AC2C0A833F}
	EndProjectSection
EndProject
Global
	GlobalSection(SolutionConfigurationPlatforms) = preSolution
		Debug|Any CPU = Debug|Any CPU
		Release|Any CPU = Release|Any CPU
	EndGlobalSection
	GlobalSection(ProjectConfigurationPlatforms) = postSolution
		{6447F7D0-0C95-4C4C-B1CB-95E1EDEBAA86}.Debug|Any CPU.ActiveCfg = Debug|Any CPU
		{6447F7D0-0C95-4C4C-B1CB-95E1EDEBAA86}.Debug|Any CPU.Build.0 = Debug|Any CPU
		{6447F7D0-0C95-4C4C-B1CB-95E1EDEBAA86}.Release|Any CPU.ActiveCfg = Release|Any CPU
		{6447F7D0-0C95-4C4C-B1CB-95E1EDEBAA86}.Release|Any CPU.Build.0 = Release|Any CPU
		{271E9A4F-9467-40B8-840F-134CE3572F1D}.Debug|Any CPU.ActiveCfg = Debug|Any CPU
		{271E9A4F-9467-40B8-840F-134CE3572F1D}.Debug|Any CPU.Build.0 = Debug|Any CPU
		{271E9A4F-9467-40B8-840F-134CE3572F1D}.Release|Any CPU.ActiveCfg = Release|Any CPU
		{271E9A4F-9467-40B8-840F-134CE3572F1D}.Release|Any CPU.Build.0 = Release|Any CPU
		{77508558-3306-4C89-8ED5-A5AC2C0A833F}.Debug|Any CPU.ActiveCfg = Debug|Any CPU
		{77508558-3306-4C89-8ED5-A5AC2C0A833F}.Debug|Any CPU.Build.0 = Debug|Any CPU
		{77508558-3306-4C89-8ED5-A5AC2C0A833F}.Release|Any CPU.ActiveCfg = Release|Any CPU
		{77508558-3306-4C89-8ED5-A5AC2C0A833F}.Release|Any CPU.Build.0 = Release|Any CPU
		{D14E5D72-CEB3-4C8F-B308-1D880442DB89}.Debug|Any CPU.ActiveCfg = Debug|Any CPU
		{D14E5D72-CEB3-4C8F-B308-1D880442DB89}.Debug|Any CPU.Build.0 = Debug|Any CPU
		{D14E5D72-CEB3-4C8F-B308-1D880442DB89}.Release|Any CPU.ActiveCfg = Release|Any CPU
		{D14E5D72-CEB3-4C8F-B308-1D880442DB89}.Release|Any CPU.Build.0 = Release|Any CPU
		{557D57B5-88FA-472D-BCD9-28C0F6B7A773}.Debug|Any CPU.ActiveCfg = Debug|Any CPU
		{557D57B5-88FA-472D-BCD9-28C0F6B7A773}.Debug|Any CPU.Build.0 = Debug|Any CPU
		{557D57B5-88FA-472D-BCD9-28C0F6B7A773}.Release|Any CPU.ActiveCfg = Release|Any CPU
		{557D57B5-88FA-472D-BCD9-28C0F6B7A773}.Release|Any CPU.Build.0 = Release|Any CPU
		{97078F94-D403-4E60-9CA5-E9383B21FDF8}.Debug|Any CPU.ActiveCfg = Debug|Any CPU
		{97078F94-D403-4E60-9CA5-E9383B21FDF8}.Debug|Any CPU.Build.0 = Debug|Any CPU
		{97078F94-D403-4E60-9CA5-E9383B21FDF8}.Release|Any CPU.ActiveCfg = Release|Any CPU
		{97078F94-D403-4E60-9CA5-E9383B21FDF8}.Release|Any CPU.Build.0 = Release|Any CPU
	EndGlobalSection
	GlobalSection(SolutionProperties) = preSolution
		HideSolutionNode = FALSE
	EndGlobalSection
	GlobalSection(ExtensibilityGlobals) = postSolution
		SolutionGuid = {B5A396C4-70AC-4B4E-8DC8-C810067BCBD0}
	EndGlobalSection
EndGlobal
